// !$*UTF8*$!
{
	archiveVersion = 1;
	classes = {
	};
	objectVersion = 55;
	objects = {

/* Begin PBXBuildFile section */
		57A89B4427AD1D04007B9B1B /* Assets.xcassets in Resources */ = {isa = PBXBuildFile; fileRef = 57A89B4327AD1D04007B9B1B /* Assets.xcassets */; };
		57A89B4727AD1D04007B9B1B /* Preview Assets.xcassets in Resources */ = {isa = PBXBuildFile; fileRef = 57A89B4627AD1D04007B9B1B /* Preview Assets.xcassets */; };
		57A89B5827AD1DA6007B9B1B /* giraffe.mp4 in Resources */ = {isa = PBXBuildFile; fileRef = 57A89B4E27AD1DA6007B9B1B /* giraffe.mp4 */; };
		57A89B5927AD1DA6007B9B1B /* ostrich.mp4 in Resources */ = {isa = PBXBuildFile; fileRef = 57A89B4F27AD1DA6007B9B1B /* ostrich.mp4 */; };
		57A89B5A27AD1DA6007B9B1B /* zebra.mp4 in Resources */ = {isa = PBXBuildFile; fileRef = 57A89B5027AD1DA6007B9B1B /* zebra.mp4 */; };
		57A89B5B27AD1DA6007B9B1B /* hippo.mp4 in Resources */ = {isa = PBXBuildFile; fileRef = 57A89B5127AD1DA6007B9B1B /* hippo.mp4 */; };
		57A89B5C27AD1DA6007B9B1B /* cheetah.mp4 in Resources */ = {isa = PBXBuildFile; fileRef = 57A89B5227AD1DA6007B9B1B /* cheetah.mp4 */; };
		57A89B5D27AD1DA6007B9B1B /* gorilla.mp4 in Resources */ = {isa = PBXBuildFile; fileRef = 57A89B5327AD1DA6007B9B1B /* gorilla.mp4 */; };
		57A89B5E27AD1DA6007B9B1B /* elephant.mp4 in Resources */ = {isa = PBXBuildFile; fileRef = 57A89B5427AD1DA6007B9B1B /* elephant.mp4 */; };
		57A89B5F27AD1DA6007B9B1B /* lioness.mp4 in Resources */ = {isa = PBXBuildFile; fileRef = 57A89B5527AD1DA6007B9B1B /* lioness.mp4 */; };
		57A89B6027AD1DA6007B9B1B /* lion.mp4 in Resources */ = {isa = PBXBuildFile; fileRef = 57A89B5627AD1DA6007B9B1B /* lion.mp4 */; };
		57A89B6127AD1DA6007B9B1B /* rhino.mp4 in Resources */ = {isa = PBXBuildFile; fileRef = 57A89B5727AD1DA6007B9B1B /* rhino.mp4 */; };
		57A89B6427AD1DAC007B9B1B /* VideoPlayerHelper.swift in Sources */ = {isa = PBXBuildFile; fileRef = 57A89B6327AD1DAC007B9B1B /* VideoPlayerHelper.swift */; };
		57A89B6727AD1DB0007B9B1B /* CodableBundelExtension.swift in Sources */ = {isa = PBXBuildFile; fileRef = 57A89B6627AD1DB0007B9B1B /* CodableBundelExtension.swift */; };
		57A89B6B27AD1DB3007B9B1B /* AnimalListModel.swift in Sources */ = {isa = PBXBuildFile; fileRef = 57A89B6927AD1DB3007B9B1B /* AnimalListModel.swift */; };
		57A89B6C27AD1DB3007B9B1B /* CoverImageModel.swift in Sources */ = {isa = PBXBuildFile; fileRef = 57A89B6A27AD1DB3007B9B1B /* CoverImageModel.swift */; };
		57A89B7327AD1DB8007B9B1B /* locations.json in Resources */ = {isa = PBXBuildFile; fileRef = 57A89B6E27AD1DB8007B9B1B /* locations.json */; };
		57A89B7427AD1DB8007B9B1B /* covers.json in Resources */ = {isa = PBXBuildFile; fileRef = 57A89B6F27AD1DB8007B9B1B /* covers.json */; };
		57A89B7527AD1DB8007B9B1B /* LocationModal.swift in Sources */ = {isa = PBXBuildFile; fileRef = 57A89B7027AD1DB8007B9B1B /* LocationModal.swift */; };
		57A89B7627AD1DB8007B9B1B /* animals.json in Resources */ = {isa = PBXBuildFile; fileRef = 57A89B7127AD1DB8007B9B1B /* animals.json */; };
		57A89B7727AD1DB8007B9B1B /* videos.json in Resources */ = {isa = PBXBuildFile; fileRef = 57A89B7227AD1DB8007B9B1B /* videos.json */; };
		57A89B9527AD1DD8007B9B1B /* FactView.swift in Sources */ = {isa = PBXBuildFile; fileRef = 57A89B8E27AD1DD8007B9B1B /* FactView.swift */; };
		57A89B9627AD1DD8007B9B1B /* VideoListModel.swift in Sources */ = {isa = PBXBuildFile; fileRef = 57A89B9327AD1DD8007B9B1B /* VideoListModel.swift */; };
		57A89B9727AD1DD8007B9B1B /* WikipediaLinkView.swift in Sources */ = {isa = PBXBuildFile; fileRef = 57A89B8D27AD1DD8007B9B1B /* WikipediaLinkView.swift */; };
		57A89B9827AD1DD8007B9B1B /* VideoPlayerView.swift in Sources */ = {isa = PBXBuildFile; fileRef = 57A89B9227AD1DD8007B9B1B /* VideoPlayerView.swift */; };
		57A89B9927AD1DD8007B9B1B /* SwiftUIView.swift in Sources */ = {isa = PBXBuildFile; fileRef = 57A89B9127AD1DD8007B9B1B /* SwiftUIView.swift */; };
		57A89B9A27AD1DD8007B9B1B /* HeadingView.swift in Sources */ = {isa = PBXBuildFile; fileRef = 57A89B8F27AD1DD8007B9B1B /* HeadingView.swift */; };
		57A89B9B27AD1DD8007B9B1B /* InsetGalleryView.swift in Sources */ = {isa = PBXBuildFile; fileRef = 57A89B9427AD1DD8007B9B1B /* InsetGalleryView.swift */; };
		57A89B9C27AD1DD8007B9B1B /* InsetMapView.swift in Sources */ = {isa = PBXBuildFile; fileRef = 57A89B9027AD1DD8007B9B1B /* InsetMapView.swift */; };
		57A89B9D27AD1DD8007B9B1B /* AnimalDetailView.swift in Sources */ = {isa = PBXBuildFile; fileRef = 57A89B8C27AD1DD8007B9B1B /* AnimalDetailView.swift */; };
		57A89BA827AD1E1A007B9B1B /* MapView.swift in Sources */ = {isa = PBXBuildFile; fileRef = 57A89B9F27AD1E1A007B9B1B /* MapView.swift */; };
		57A89BA927AD1E1A007B9B1B /* CoverImageView.swift in Sources */ = {isa = PBXBuildFile; fileRef = 57A89BA027AD1E1A007B9B1B /* CoverImageView.swift */; };
		57A89BAA27AD1E1A007B9B1B /* AfrikaApp.swift in Sources */ = {isa = PBXBuildFile; fileRef = 57A89BA127AD1E1A007B9B1B /* AfrikaApp.swift */; };
		57A89BAB27AD1E1A007B9B1B /* MotionAnimationView.swift in Sources */ = {isa = PBXBuildFile; fileRef = 57A89BA227AD1E1A007B9B1B /* MotionAnimationView.swift */; };
		57A89BAC27AD1E1A007B9B1B /* VideoListItemView.swift in Sources */ = {isa = PBXBuildFile; fileRef = 57A89BA327AD1E1A007B9B1B /* VideoListItemView.swift */; };
		57A89BAD27AD1E1A007B9B1B /* GalleryView.swift in Sources */ = {isa = PBXBuildFile; fileRef = 57A89BA427AD1E1A007B9B1B /* GalleryView.swift */; };
		57A89BAE27AD1E1A007B9B1B /* MainView.swift in Sources */ = {isa = PBXBuildFile; fileRef = 57A89BA527AD1E1A007B9B1B /* MainView.swift */; };
		57A89BAF27AD1E1A007B9B1B /* ContentView.swift in Sources */ = {isa = PBXBuildFile; fileRef = 57A89BA627AD1E1A007B9B1B /* ContentView.swift */; };
		57A89BB027AD1E1A007B9B1B /* VideoListView.swift in Sources */ = {isa = PBXBuildFile; fileRef = 57A89BA727AD1E1A007B9B1B /* VideoListView.swift */; };
/* End PBXBuildFile section */

/* Begin PBXFileReference section */
		57A89B3C27AD1D03007B9B1B /* AnimalApp.app */ = {isa = PBXFileReference; explicitFileType = wrapper.application; includeInIndex = 0; path = AnimalApp.app; sourceTree = BUILT_PRODUCTS_DIR; };
		57A89B4327AD1D04007B9B1B /* Assets.xcassets */ = {isa = PBXFileReference; lastKnownFileType = folder.assetcatalog; path = Assets.xcassets; sourceTree = "<group>"; };
		57A89B4627AD1D04007B9B1B /* Preview Assets.xcassets */ = {isa = PBXFileReference; lastKnownFileType = folder.assetcatalog; path = "Preview Assets.xcassets"; sourceTree = "<group>"; };
		57A89B4E27AD1DA6007B9B1B /* giraffe.mp4 */ = {isa = PBXFileReference; lastKnownFileType = file; path = giraffe.mp4; sourceTree = "<group>"; };
		57A89B4F27AD1DA6007B9B1B /* ostrich.mp4 */ = {isa = PBXFileReference; lastKnownFileType = file; path = ostrich.mp4; sourceTree = "<group>"; };
		57A89B5027AD1DA6007B9B1B /* zebra.mp4 */ = {isa = PBXFileReference; lastKnownFileType = file; path = zebra.mp4; sourceTree = "<group>"; };
		57A89B5127AD1DA6007B9B1B /* hippo.mp4 */ = {isa = PBXFileReference; lastKnownFileType = file; path = hippo.mp4; sourceTree = "<group>"; };
		57A89B5227AD1DA6007B9B1B /* cheetah.mp4 */ = {isa = PBXFileReference; lastKnownFileType = file; path = cheetah.mp4; sourceTree = "<group>"; };
		57A89B5327AD1DA6007B9B1B /* gorilla.mp4 */ = {isa = PBXFileReference; lastKnownFileType = file; path = gorilla.mp4; sourceTree = "<group>"; };
		57A89B5427AD1DA6007B9B1B /* elephant.mp4 */ = {isa = PBXFileReference; lastKnownFileType = file; path = elephant.mp4; sourceTree = "<group>"; };
		57A89B5527AD1DA6007B9B1B /* lioness.mp4 */ = {isa = PBXFileReference; lastKnownFileType = file; path = lioness.mp4; sourceTree = "<group>"; };
		57A89B5627AD1DA6007B9B1B /* lion.mp4 */ = {isa = PBXFileReference; lastKnownFileType = file; path = lion.mp4; sourceTree = "<group>"; };
		57A89B5727AD1DA6007B9B1B /* rhino.mp4 */ = {isa = PBXFileReference; lastKnownFileType = file; path = rhino.mp4; sourceTree = "<group>"; };
		57A89B6327AD1DAC007B9B1B /* VideoPlayerHelper.swift */ = {isa = PBXFileReference; fileEncoding = 4; lastKnownFileType = sourcecode.swift; path = VideoPlayerHelper.swift; sourceTree = "<group>"; };
		57A89B6627AD1DB0007B9B1B /* CodableBundelExtension.swift */ = {isa = PBXFileReference; fileEncoding = 4; lastKnownFileType = sourcecode.swift; path = CodableBundelExtension.swift; sourceTree = "<group>"; };
		57A89B6927AD1DB3007B9B1B /* AnimalListModel.swift */ = {isa = PBXFileReference; fileEncoding = 4; lastKnownFileType = sourcecode.swift; path = AnimalListModel.swift; sourceTree = "<group>"; };
		57A89B6A27AD1DB3007B9B1B /* CoverImageModel.swift */ = {isa = PBXFileReference; fileEncoding = 4; lastKnownFileType = sourcecode.swift; path = CoverImageModel.swift; sourceTree = "<group>"; };
		57A89B6E27AD1DB8007B9B1B /* locations.json */ = {isa = PBXFileReference; fileEncoding = 4; lastKnownFileType = text.json; path = locations.json; sourceTree = "<group>"; };
		57A89B6F27AD1DB8007B9B1B /* covers.json */ = {isa = PBXFileReference; fileEncoding = 4; lastKnownFileType = text.json; path = covers.json; sourceTree = "<group>"; };
		57A89B7027AD1DB8007B9B1B /* LocationModal.swift */ = {isa = PBXFileReference; fileEncoding = 4; lastKnownFileType = sourcecode.swift; path = LocationModal.swift; sourceTree = "<group>"; };
		57A89B7127AD1DB8007B9B1B /* animals.json */ = {isa = PBXFileReference; fileEncoding = 4; lastKnownFileType = text.json; path = animals.json; sourceTree = "<group>"; };
		57A89B7227AD1DB8007B9B1B /* videos.json */ = {isa = PBXFileReference; fileEncoding = 4; lastKnownFileType = text.json; path = videos.json; sourceTree = "<group>"; };
		57A89B8C27AD1DD8007B9B1B /* AnimalDetailView.swift */ = {isa = PBXFileReference; lastKnownFileType = sourcecode.swift; path = AnimalDetailView.swift; sourceTree = "<group>"; };
		57A89B8D27AD1DD8007B9B1B /* WikipediaLinkView.swift */ = {isa = PBXFileReference; lastKnownFileType = sourcecode.swift; path = WikipediaLinkView.swift; sourceTree = "<group>"; };
		57A89B8E27AD1DD8007B9B1B /* FactView.swift */ = {isa = PBXFileReference; lastKnownFileType = sourcecode.swift; path = FactView.swift; sourceTree = "<group>"; };
		57A89B8F27AD1DD8007B9B1B /* HeadingView.swift */ = {isa = PBXFileReference; lastKnownFileType = sourcecode.swift; path = HeadingView.swift; sourceTree = "<group>"; };
		57A89B9027AD1DD8007B9B1B /* InsetMapView.swift */ = {isa = PBXFileReference; lastKnownFileType = sourcecode.swift; path = InsetMapView.swift; sourceTree = "<group>"; };
		57A89B9127AD1DD8007B9B1B /* SwiftUIView.swift */ = {isa = PBXFileReference; lastKnownFileType = sourcecode.swift; path = SwiftUIView.swift; sourceTree = "<group>"; };
		57A89B9227AD1DD8007B9B1B /* VideoPlayerView.swift */ = {isa = PBXFileReference; lastKnownFileType = sourcecode.swift; path = VideoPlayerView.swift; sourceTree = "<group>"; };
		57A89B9327AD1DD8007B9B1B /* VideoListModel.swift */ = {isa = PBXFileReference; lastKnownFileType = sourcecode.swift; path = VideoListModel.swift; sourceTree = "<group>"; };
		57A89B9427AD1DD8007B9B1B /* InsetGalleryView.swift */ = {isa = PBXFileReference; lastKnownFileType = sourcecode.swift; path = InsetGalleryView.swift; sourceTree = "<group>"; };
		57A89B9F27AD1E1A007B9B1B /* MapView.swift */ = {isa = PBXFileReference; fileEncoding = 4; lastKnownFileType = sourcecode.swift; path = MapView.swift; sourceTree = "<group>"; };
		57A89BA027AD1E1A007B9B1B /* CoverImageView.swift */ = {isa = PBXFileReference; fileEncoding = 4; lastKnownFileType = sourcecode.swift; path = CoverImageView.swift; sourceTree = "<group>"; };
		57A89BA127AD1E1A007B9B1B /* AfrikaApp.swift */ = {isa = PBXFileReference; fileEncoding = 4; lastKnownFileType = sourcecode.swift; path = AfrikaApp.swift; sourceTree = "<group>"; };
		57A89BA227AD1E1A007B9B1B /* MotionAnimationView.swift */ = {isa = PBXFileReference; fileEncoding = 4; lastKnownFileType = sourcecode.swift; path = MotionAnimationView.swift; sourceTree = "<group>"; };
		57A89BA327AD1E1A007B9B1B /* VideoListItemView.swift */ = {isa = PBXFileReference; fileEncoding = 4; lastKnownFileType = sourcecode.swift; path = VideoListItemView.swift; sourceTree = "<group>"; };
		57A89BA427AD1E1A007B9B1B /* GalleryView.swift */ = {isa = PBXFileReference; fileEncoding = 4; lastKnownFileType = sourcecode.swift; path = GalleryView.swift; sourceTree = "<group>"; };
		57A89BA527AD1E1A007B9B1B /* MainView.swift */ = {isa = PBXFileReference; fileEncoding = 4; lastKnownFileType = sourcecode.swift; path = MainView.swift; sourceTree = "<group>"; };
		57A89BA627AD1E1A007B9B1B /* ContentView.swift */ = {isa = PBXFileReference; fileEncoding = 4; lastKnownFileType = sourcecode.swift; path = ContentView.swift; sourceTree = "<group>"; };
		57A89BA727AD1E1A007B9B1B /* VideoListView.swift */ = {isa = PBXFileReference; fileEncoding = 4; lastKnownFileType = sourcecode.swift; path = VideoListView.swift; sourceTree = "<group>"; };
/* End PBXFileReference section */

/* Begin PBXFrameworksBuildPhase section */
		57A89B3927AD1D03007B9B1B /* Frameworks */ = {
			isa = PBXFrameworksBuildPhase;
			buildActionMask = 2147483647;
			files = (
			);
			runOnlyForDeploymentPostprocessing = 0;
		};
/* End PBXFrameworksBuildPhase section */

/* Begin PBXGroup section */
		57A89B3327AD1D03007B9B1B = {
			isa = PBXGroup;
			children = (
				57A89B3E27AD1D03007B9B1B /* AnimalApp */,
				57A89B3D27AD1D03007B9B1B /* Products */,
			);
			sourceTree = "<group>";
		};
		57A89B3D27AD1D03007B9B1B /* Products */ = {
			isa = PBXGroup;
			children = (
				57A89B3C27AD1D03007B9B1B /* AnimalApp.app */,
			);
			name = Products;
			sourceTree = "<group>";
		};
		57A89B3E27AD1D03007B9B1B /* AnimalApp */ = {
			isa = PBXGroup;
			children = (
				57A89B6D27AD1DB8007B9B1B /* Data */,
				57A89B6827AD1DB3007B9B1B /* Model */,
				57A89B9E27AD1E1A007B9B1B /* App */,
				57A89B8B27AD1DD8007B9B1B /* View */,
				57A89B6527AD1DB0007B9B1B /* Extension */,
				57A89B6227AD1DAC007B9B1B /* Helper */,
				57A89B4D27AD1DA6007B9B1B /* Video */,
				57A89B4327AD1D04007B9B1B /* Assets.xcassets */,
				57A89B4527AD1D04007B9B1B /* Preview Content */,
			);
			path = AnimalApp;
			sourceTree = "<group>";
		};
		57A89B4527AD1D04007B9B1B /* Preview Content */ = {
			isa = PBXGroup;
			children = (
				57A89B4627AD1D04007B9B1B /* Preview Assets.xcassets */,
			);
			path = "Preview Content";
			sourceTree = "<group>";
		};
		57A89B4D27AD1DA6007B9B1B /* Video */ = {
			isa = PBXGroup;
			children = (
				57A89B4E27AD1DA6007B9B1B /* giraffe.mp4 */,
				57A89B4F27AD1DA6007B9B1B /* ostrich.mp4 */,
				57A89B5027AD1DA6007B9B1B /* zebra.mp4 */,
				57A89B5127AD1DA6007B9B1B /* hippo.mp4 */,
				57A89B5227AD1DA6007B9B1B /* cheetah.mp4 */,
				57A89B5327AD1DA6007B9B1B /* gorilla.mp4 */,
				57A89B5427AD1DA6007B9B1B /* elephant.mp4 */,
				57A89B5527AD1DA6007B9B1B /* lioness.mp4 */,
				57A89B5627AD1DA6007B9B1B /* lion.mp4 */,
				57A89B5727AD1DA6007B9B1B /* rhino.mp4 */,
			);
			name = Video;
			path = "../../SWIFTUI-APP-AFRICA/SWIFTUI-APP-AFRICA-UPDATED/Students/AfrikaApp/AfrikaApp/Video";
			sourceTree = "<group>";
		};
		57A89B6227AD1DAC007B9B1B /* Helper */ = {
			isa = PBXGroup;
			children = (
				57A89B6327AD1DAC007B9B1B /* VideoPlayerHelper.swift */,
			);
			name = Helper;
			path = "../../SWIFTUI-APP-AFRICA/SWIFTUI-APP-AFRICA-UPDATED/Students/AfrikaApp/AfrikaApp/Helper";
			sourceTree = "<group>";
		};
		57A89B6527AD1DB0007B9B1B /* Extension */ = {
			isa = PBXGroup;
			children = (
				57A89B6627AD1DB0007B9B1B /* CodableBundelExtension.swift */,
			);
			name = Extension;
			path = "../../SWIFTUI-APP-AFRICA/SWIFTUI-APP-AFRICA-UPDATED/Students/AfrikaApp/AfrikaApp/Extension";
			sourceTree = "<group>";
		};
		57A89B6827AD1DB3007B9B1B /* Model */ = {
			isa = PBXGroup;
			children = (
				57A89B7027AD1DB8007B9B1B /* LocationModal.swift */,
				57A89B6927AD1DB3007B9B1B /* AnimalListModel.swift */,
				57A89B6A27AD1DB3007B9B1B /* CoverImageModel.swift */,
			);
			name = Model;
			path = "../../SWIFTUI-APP-AFRICA/SWIFTUI-APP-AFRICA-UPDATED/Students/AfrikaApp/AfrikaApp/Model";
			sourceTree = "<group>";
		};
		57A89B6D27AD1DB8007B9B1B /* Data */ = {
			isa = PBXGroup;
			children = (
				57A89B6E27AD1DB8007B9B1B /* locations.json */,
				57A89B6F27AD1DB8007B9B1B /* covers.json */,
				57A89B7127AD1DB8007B9B1B /* animals.json */,
				57A89B7227AD1DB8007B9B1B /* videos.json */,
			);
			name = Data;
			path = "../../SWIFTUI-APP-AFRICA/SWIFTUI-APP-AFRICA-UPDATED/Students/AfrikaApp/AfrikaApp/Data";
			sourceTree = "<group>";
		};
		57A89B8B27AD1DD8007B9B1B /* View */ = {
			isa = PBXGroup;
			children = (
				57A89B8F27AD1DD8007B9B1B /* HeadingView.swift */,
				57A89B9227AD1DD8007B9B1B /* VideoPlayerView.swift */,
				57A89B9327AD1DD8007B9B1B /* VideoListModel.swift */,
				57A89B8E27AD1DD8007B9B1B /* FactView.swift */,
				57A89B9027AD1DD8007B9B1B /* InsetMapView.swift */,
				57A89B9127AD1DD8007B9B1B /* SwiftUIView.swift */,
				57A89B9427AD1DD8007B9B1B /* InsetGalleryView.swift */,
				57A89B8C27AD1DD8007B9B1B /* AnimalDetailView.swift */,
				57A89B8D27AD1DD8007B9B1B /* WikipediaLinkView.swift */,
			);
			path = View;
			sourceTree = "<group>";
		};
		57A89B9E27AD1E1A007B9B1B /* App */ = {
			isa = PBXGroup;
			children = (
				57A89B9F27AD1E1A007B9B1B /* MapView.swift */,
				57A89BA027AD1E1A007B9B1B /* CoverImageView.swift */,
				57A89BA127AD1E1A007B9B1B /* AfrikaApp.swift */,
				57A89BA227AD1E1A007B9B1B /* MotionAnimationView.swift */,
				57A89BA327AD1E1A007B9B1B /* VideoListItemView.swift */,
				57A89BA427AD1E1A007B9B1B /* GalleryView.swift */,
				57A89BA527AD1E1A007B9B1B /* MainView.swift */,
				57A89BA627AD1E1A007B9B1B /* ContentView.swift */,
				57A89BA727AD1E1A007B9B1B /* VideoListView.swift */,
			);
			name = App;
			path = "../../SWIFTUI-APP-AFRICA/SWIFTUI-APP-AFRICA-UPDATED/Students/AfrikaApp/AfrikaApp/App";
			sourceTree = "<group>";
		};
/* End PBXGroup section */

/* Begin PBXNativeTarget section */
		57A89B3B27AD1D03007B9B1B /* AnimalApp */ = {
			isa = PBXNativeTarget;
			buildConfigurationList = 57A89B4A27AD1D04007B9B1B /* Build configuration list for PBXNativeTarget "AnimalApp" */;
			buildPhases = (
				57A89B3827AD1D03007B9B1B /* Sources */,
				57A89B3927AD1D03007B9B1B /* Frameworks */,
				57A89B3A27AD1D03007B9B1B /* Resources */,
			);
			buildRules = (
			);
			dependencies = (
			);
			name = AnimalApp;
			productName = AnimalApp;
			productReference = 57A89B3C27AD1D03007B9B1B /* AnimalApp.app */;
			productType = "com.apple.product-type.application";
		};
/* End PBXNativeTarget section */

/* Begin PBXProject section */
		57A89B3427AD1D03007B9B1B /* Project object */ = {
			isa = PBXProject;
			attributes = {
				BuildIndependentTargetsInParallel = 1;
				LastSwiftUpdateCheck = 1310;
				LastUpgradeCheck = 1310;
				TargetAttributes = {
					57A89B3B27AD1D03007B9B1B = {
						CreatedOnToolsVersion = 13.1;
					};
				};
			};
			buildConfigurationList = 57A89B3727AD1D03007B9B1B /* Build configuration list for PBXProject "AnimalApp" */;
			compatibilityVersion = "Xcode 13.0";
			developmentRegion = en;
			hasScannedForEncodings = 0;
			knownRegions = (
				en,
				Base,
			);
			mainGroup = 57A89B3327AD1D03007B9B1B;
			productRefGroup = 57A89B3D27AD1D03007B9B1B /* Products */;
			projectDirPath = "";
			projectRoot = "";
			targets = (
				57A89B3B27AD1D03007B9B1B /* AnimalApp */,
			);
		};
/* End PBXProject section */

/* Begin PBXResourcesBuildPhase section */
		57A89B3A27AD1D03007B9B1B /* Resources */ = {
			isa = PBXResourcesBuildPhase;
			buildActionMask = 2147483647;
			files = (
				57A89B7627AD1DB8007B9B1B /* animals.json in Resources */,
				57A89B7327AD1DB8007B9B1B /* locations.json in Resources */,
				57A89B6127AD1DA6007B9B1B /* rhino.mp4 in Resources */,
				57A89B4727AD1D04007B9B1B /* Preview Assets.xcassets in Resources */,
				57A89B5A27AD1DA6007B9B1B /* zebra.mp4 in Resources */,
				57A89B4427AD1D04007B9B1B /* Assets.xcassets in Resources */,
				57A89B5927AD1DA6007B9B1B /* ostrich.mp4 in Resources */,
				57A89B5D27AD1DA6007B9B1B /* gorilla.mp4 in Resources */,
				57A89B7427AD1DB8007B9B1B /* covers.json in Resources */,
				57A89B5B27AD1DA6007B9B1B /* hippo.mp4 in Resources */,
				57A89B5827AD1DA6007B9B1B /* giraffe.mp4 in Resources */,
				57A89B5F27AD1DA6007B9B1B /* lioness.mp4 in Resources */,
				57A89B6027AD1DA6007B9B1B /* lion.mp4 in Resources */,
				57A89B7727AD1DB8007B9B1B /* videos.json in Resources */,
				57A89B5C27AD1DA6007B9B1B /* cheetah.mp4 in Resources */,
				57A89B5E27AD1DA6007B9B1B /* elephant.mp4 in Resources */,
			);
			runOnlyForDeploymentPostprocessing = 0;
		};
/* End PBXResourcesBuildPhase section */

/* Begin PBXSourcesBuildPhase section */
		57A89B3827AD1D03007B9B1B /* Sources */ = {
			isa = PBXSourcesBuildPhase;
			buildActionMask = 2147483647;
			files = (
				57A89B6727AD1DB0007B9B1B /* CodableBundelExtension.swift in Sources */,
				57A89B6C27AD1DB3007B9B1B /* CoverImageModel.swift in Sources */,
				57A89BAF27AD1E1A007B9B1B /* ContentView.swift in Sources */,
				57A89BAA27AD1E1A007B9B1B /* AfrikaApp.swift in Sources */,
				57A89B9A27AD1DD8007B9B1B /* HeadingView.swift in Sources */,
				57A89BAC27AD1E1A007B9B1B /* VideoListItemView.swift in Sources */,
				57A89BA927AD1E1A007B9B1B /* CoverImageView.swift in Sources */,
				57A89B9627AD1DD8007B9B1B /* VideoListModel.swift in Sources */,
				57A89B9527AD1DD8007B9B1B /* FactView.swift in Sources */,
				57A89B9927AD1DD8007B9B1B /* SwiftUIView.swift in Sources */,
				57A89BAB27AD1E1A007B9B1B /* MotionAnimationView.swift in Sources */,
				57A89B9727AD1DD8007B9B1B /* WikipediaLinkView.swift in Sources */,
				57A89B7527AD1DB8007B9B1B /* LocationModal.swift in Sources */,
				57A89BA827AD1E1A007B9B1B /* MapView.swift in Sources */,
				57A89B6B27AD1DB3007B9B1B /* AnimalListModel.swift in Sources */,
				57A89B6427AD1DAC007B9B1B /* VideoPlayerHelper.swift in Sources */,
				57A89B9C27AD1DD8007B9B1B /* InsetMapView.swift in Sources */,
				57A89B9B27AD1DD8007B9B1B /* InsetGalleryView.swift in Sources */,
				57A89BB027AD1E1A007B9B1B /* VideoListView.swift in Sources */,
				57A89BAE27AD1E1A007B9B1B /* MainView.swift in Sources */,
				57A89BAD27AD1E1A007B9B1B /* GalleryView.swift in Sources */,
				57A89B9827AD1DD8007B9B1B /* VideoPlayerView.swift in Sources */,
				57A89B9D27AD1DD8007B9B1B /* AnimalDetailView.swift in Sources */,
			);
			runOnlyForDeploymentPostprocessing = 0;
		};
/* End PBXSourcesBuildPhase section */

/* Begin XCBuildConfiguration section */
		57A89B4827AD1D04007B9B1B /* Debug */ = {
			isa = XCBuildConfiguration;
			buildSettings = {
				ALWAYS_SEARCH_USER_PATHS = NO;
				CLANG_ANALYZER_NONNULL = YES;
				CLANG_ANALYZER_NUMBER_OBJECT_CONVERSION = YES_AGGRESSIVE;
				CLANG_CXX_LANGUAGE_STANDARD = "gnu++17";
				CLANG_CXX_LIBRARY = "libc++";
				CLANG_ENABLE_MODULES = YES;
				CLANG_ENABLE_OBJC_ARC = YES;
				CLANG_ENABLE_OBJC_WEAK = YES;
				CLANG_WARN_BLOCK_CAPTURE_AUTORELEASING = YES;
				CLANG_WARN_BOOL_CONVERSION = YES;
				CLANG_WARN_COMMA = YES;
				CLANG_WARN_CONSTANT_CONVERSION = YES;
				CLANG_WARN_DEPRECATED_OBJC_IMPLEMENTATIONS = YES;
				CLANG_WARN_DIRECT_OBJC_ISA_USAGE = YES_ERROR;
				CLANG_WARN_DOCUMENTATION_COMMENTS = YES;
				CLANG_WARN_EMPTY_BODY = YES;
				CLANG_WARN_ENUM_CONVERSION = YES;
				CLANG_WARN_INFINITE_RECURSION = YES;
				CLANG_WARN_INT_CONVERSION = YES;
				CLANG_WARN_NON_LITERAL_NULL_CONVERSION = YES;
				CLANG_WARN_OBJC_IMPLICIT_RETAIN_SELF = YES;
				CLANG_WARN_OBJC_LITERAL_CONVERSION = YES;
				CLANG_WARN_OBJC_ROOT_CLASS = YES_ERROR;
				CLANG_WARN_QUOTED_INCLUDE_IN_FRAMEWORK_HEADER = YES;
				CLANG_WARN_RANGE_LOOP_ANALYSIS = YES;
				CLANG_WARN_STRICT_PROTOTYPES = YES;
				CLANG_WARN_SUSPICIOUS_MOVE = YES;
				CLANG_WARN_UNGUARDED_AVAILABILITY = YES_AGGRESSIVE;
				CLANG_WARN_UNREACHABLE_CODE = YES;
				CLANG_WARN__DUPLICATE_METHOD_MATCH = YES;
				COPY_PHASE_STRIP = NO;
				DEBUG_INFORMATION_FORMAT = dwarf;
				ENABLE_STRICT_OBJC_MSGSEND = YES;
				ENABLE_TESTABILITY = YES;
				GCC_C_LANGUAGE_STANDARD = gnu11;
				GCC_DYNAMIC_NO_PIC = NO;
				GCC_NO_COMMON_BLOCKS = YES;
				GCC_OPTIMIZATION_LEVEL = 0;
				GCC_PREPROCESSOR_DEFINITIONS = (
					"DEBUG=1",
					"$(inherited)",
				);
				GCC_WARN_64_TO_32_BIT_CONVERSION = YES;
				GCC_WARN_ABOUT_RETURN_TYPE = YES_ERROR;
				GCC_WARN_UNDECLARED_SELECTOR = YES;
				GCC_WARN_UNINITIALIZED_AUTOS = YES_AGGRESSIVE;
				GCC_WARN_UNUSED_FUNCTION = YES;
				GCC_WARN_UNUSED_VARIABLE = YES;
				IPHONEOS_DEPLOYMENT_TARGET = 15.0;
				MTL_ENABLE_DEBUG_INFO = INCLUDE_SOURCE;
				MTL_FAST_MATH = YES;
				ONLY_ACTIVE_ARCH = YES;
				SDKROOT = iphoneos;
				SWIFT_ACTIVE_COMPILATION_CONDITIONS = DEBUG;
				SWIFT_OPTIMIZATION_LEVEL = "-Onone";
			};
			name = Debug;
		};
		57A89B4927AD1D04007B9B1B /* Release */ = {
			isa = XCBuildConfiguration;
			buildSettings = {
				ALWAYS_SEARCH_USER_PATHS = NO;
				CLANG_ANALYZER_NONNULL = YES;
				CLANG_ANALYZER_NUMBER_OBJECT_CONVERSION = YES_AGGRESSIVE;
				CLANG_CXX_LANGUAGE_STANDARD = "gnu++17";
				CLANG_CXX_LIBRARY = "libc++";
				CLANG_ENABLE_MODULES = YES;
				CLANG_ENABLE_OBJC_ARC = YES;
				CLANG_ENABLE_OBJC_WEAK = YES;
				CLANG_WARN_BLOCK_CAPTURE_AUTORELEASING = YES;
				CLANG_WARN_BOOL_CONVERSION = YES;
				CLANG_WARN_COMMA = YES;
				CLANG_WARN_CONSTANT_CONVERSION = YES;
				CLANG_WARN_DEPRECATED_OBJC_IMPLEMENTATIONS = YES;
				CLANG_WARN_DIRECT_OBJC_ISA_USAGE = YES_ERROR;
				CLANG_WARN_DOCUMENTATION_COMMENTS = YES;
				CLANG_WARN_EMPTY_BODY = YES;
				CLANG_WARN_ENUM_CONVERSION = YES;
				CLANG_WARN_INFINITE_RECURSION = YES;
				CLANG_WARN_INT_CONVERSION = YES;
				CLANG_WARN_NON_LITERAL_NULL_CONVERSION = YES;
				CLANG_WARN_OBJC_IMPLICIT_RETAIN_SELF = YES;
				CLANG_WARN_OBJC_LITERAL_CONVERSION = YES;
				CLANG_WARN_OBJC_ROOT_CLASS = YES_ERROR;
				CLANG_WARN_QUOTED_INCLUDE_IN_FRAMEWORK_HEADER = YES;
				CLANG_WARN_RANGE_LOOP_ANALYSIS = YES;
				CLANG_WARN_STRICT_PROTOTYPES = YES;
				CLANG_WARN_SUSPICIOUS_MOVE = YES;
				CLANG_WARN_UNGUARDED_AVAILABILITY = YES_AGGRESSIVE;
				CLANG_WARN_UNREACHABLE_CODE = YES;
				CLANG_WARN__DUPLICATE_METHOD_MATCH = YES;
				COPY_PHASE_STRIP = NO;
				DEBUG_INFORMATION_FORMAT = "dwarf-with-dsym";
				ENABLE_NS_ASSERTIONS = NO;
				ENABLE_STRICT_OBJC_MSGSEND = YES;
				GCC_C_LANGUAGE_STANDARD = gnu11;
				GCC_NO_COMMON_BLOCKS = YES;
				GCC_WARN_64_TO_32_BIT_CONVERSION = YES;
				GCC_WARN_ABOUT_RETURN_TYPE = YES_ERROR;
				GCC_WARN_UNDECLARED_SELECTOR = YES;
				GCC_WARN_UNINITIALIZED_AUTOS = YES_AGGRESSIVE;
				GCC_WARN_UNUSED_FUNCTION = YES;
				GCC_WARN_UNUSED_VARIABLE = YES;
				IPHONEOS_DEPLOYMENT_TARGET = 15.0;
				MTL_ENABLE_DEBUG_INFO = NO;
				MTL_FAST_MATH = YES;
				SDKROOT = iphoneos;
				SWIFT_COMPILATION_MODE = wholemodule;
				SWIFT_OPTIMIZATION_LEVEL = "-O";
				VALIDATE_PRODUCT = YES;
			};
			name = Release;
		};
		57A89B4B27AD1D04007B9B1B /* Debug */ = {
			isa = XCBuildConfiguration;
			buildSettings = {
				ASSETCATALOG_COMPILER_APPICON_NAME = AppIcon;
				ASSETCATALOG_COMPILER_GLOBAL_ACCENT_COLOR_NAME = AccentColor;
				CODE_SIGN_STYLE = Automatic;
				CURRENT_PROJECT_VERSION = 1;
				DEVELOPMENT_ASSET_PATHS = "\"AnimalApp/Preview Content\"";
				DEVELOPMENT_TEAM = 7F222WW5SV;
				ENABLE_PREVIEWS = YES;
				GENERATE_INFOPLIST_FILE = YES;
				INFOPLIST_KEY_UIApplicationSceneManifest_Generation = YES;
				INFOPLIST_KEY_UIApplicationSupportsIndirectInputEvents = YES;
				INFOPLIST_KEY_UILaunchScreen_Generation = YES;
				INFOPLIST_KEY_UISupportedInterfaceOrientations_iPad = "UIInterfaceOrientationPortrait UIInterfaceOrientationPortraitUpsideDown UIInterfaceOrientationLandscapeLeft UIInterfaceOrientationLandscapeRight";
				INFOPLIST_KEY_UISupportedInterfaceOrientations_iPhone = "UIInterfaceOrientationPortrait UIInterfaceOrientationLandscapeLeft UIInterfaceOrientationLandscapeRight";
				LD_RUNPATH_SEARCH_PATHS = (
					"$(inherited)",
					"@executable_path/Frameworks",
				);
				MARKETING_VERSION = 1.0;
				PRODUCT_BUNDLE_IDENTIFIER = com.jooli.AnimalApp;
				PRODUCT_NAME = "$(TARGET_NAME)";
				SWIFT_EMIT_LOC_STRINGS = YES;
				SWIFT_VERSION = 5.0;
				TARGETED_DEVICE_FAMILY = "1,2";
			};
			name = Debug;
		};
		57A89B4C27AD1D04007B9B1B /* Release */ = {
			isa = XCBuildConfiguration;
			buildSettings = {
				ASSETCATALOG_COMPILER_APPICON_NAME = AppIcon;
				ASSETCATALOG_COMPILER_GLOBAL_ACCENT_COLOR_NAME = AccentColor;
				CODE_SIGN_STYLE = Automatic;
				CURRENT_PROJECT_VERSION = 1;
				DEVELOPMENT_ASSET_PATHS = "\"AnimalApp/Preview Content\"";
				DEVELOPMENT_TEAM = 7F222WW5SV;
				ENABLE_PREVIEWS = YES;
				GENERATE_INFOPLIST_FILE = YES;
				INFOPLIST_KEY_UIApplicationSceneManifest_Generation = YES;
				INFOPLIST_KEY_UIApplicationSupportsIndirectInputEvents = YES;
				INFOPLIST_KEY_UILaunchScreen_Generation = YES;
				INFOPLIST_KEY_UISupportedInterfaceOrientations_iPad = "UIInterfaceOrientationPortrait UIInterfaceOrientationPortraitUpsideDown UIInterfaceOrientationLandscapeLeft UIInterfaceOrientationLandscapeRight";
				INFOPLIST_KEY_UISupportedInterfaceOrientations_iPhone = "UIInterfaceOrientationPortrait UIInterfaceOrientationLandscapeLeft UIInterfaceOrientationLandscapeRight";
				LD_RUNPATH_SEARCH_PATHS = (
					"$(inherited)",
					"@executable_path/Frameworks",
				);
				MARKETING_VERSION = 1.0;
				PRODUCT_BUNDLE_IDENTIFIER = com.jooli.AnimalApp;
				PRODUCT_NAME = "$(TARGET_NAME)";
				SWIFT_EMIT_LOC_STRINGS = YES;
				SWIFT_VERSION = 5.0;
				TARGETED_DEVICE_FAMILY = "1,2";
			};
			name = Release;
		};
/* End XCBuildConfiguration section */

/* Begin XCConfigurationList section */
		57A89B3727AD1D03007B9B1B /* Build configuration list for PBXProject "AnimalApp" */ = {
			isa = XCConfigurationList;
			buildConfigurations = (
				57A89B4827AD1D04007B9B1B /* Debug */,
				57A89B4927AD1D04007B9B1B /* Release */,
			);
			defaultConfigurationIsVisible = 0;
			defaultConfigurationName = Release;
		};
		57A89B4A27AD1D04007B9B1B /* Build configuration list for PBXNativeTarget "AnimalApp" */ = {
			isa = XCConfigurationList;
			buildConfigurations = (
				57A89B4B27AD1D04007B9B1B /* Debug */,
				57A89B4C27AD1D04007B9B1B /* Release */,
			);
			defaultConfigurationIsVisible = 0;
			defaultConfigurationName = Release;
		};
/* End XCConfigurationList section */
	};
	rootObject = 57A89B3427AD1D03007B9B1B /* Project object */;
}
